{
    "_readme": [
        "This file locks the dependencies of your project to a known state",
        "Read more about it at https://getcomposer.org/doc/01-basic-usage.md#installing-dependencies",
        "This file is @generated automatically"
    ],
    "content-hash": "480d304ea2b9628722bf2540599ef385",
    "packages": [
        {
            "name": "mollie/integration-core",
            "version": "1.3.3",
            "source": {
                "type": "git",
                "url": "git@github.com:mollie/orocore.git",
                "reference": "a60a6e1cffb055dc83d6829ae15f199e177199b4"
            },
            "dist": {
                "type": "zip",
                "url": "https://api.github.com/repos/mollie/orocore/zipball/a60a6e1cffb055dc83d6829ae15f199e177199b4",
                "reference": "a60a6e1cffb055dc83d6829ae15f199e177199b4",
                "shasum": ""
            },
            "require": {
                "ext-json": "*",
                "php": ">=5.3"
            },
            "require-dev": {
                "codacy/coverage": "dev-master",
                "phpunit/phpunit": "^4.8.35",
                "symfony/console": "^5.1"
            },
            "type": "library",
            "autoload": {
                "psr-4": {
                    "Mollie\\": "src"
                }
            },
            "autoload-dev": {
                "psr-4": {
                    "Mollie\\Tests\\": "tests",
                    "Mollie\\Console\\": "console"
                }
            },
            "license": [
                "proprietary"
            ],
            "description": "Mollie integrations core library",
            "time": "2021-11-08T09:59:02+00:00"
        }
    ],
    "packages-dev": [],
    "aliases": [],
    "minimum-stability": "stable",
    "stability-flags": [],
    "prefer-stable": false,
    "prefer-lowest": false,
    "platform": {
        "php": ">=5.4"
    },
    "platform-dev": [],
    "plugin-api-version": "2.1.0"
}
