{
    "_readme": [
        "This file locks the dependencies of your project to a known state",
        "Read more about it at https://getcomposer.org/doc/01-basic-usage.md#installing-dependencies",
        "This file is @generated automatically"
    ],
    "content-hash": "4fe8098e33aaed72bcfd2c11d3c3ba2c",
    "packages": [
        {
            "name": "mollie/integration-core",
            "version": "1.2.0",
            "source": {
                "type": "git",
                "url": "git@github.com:mollie/orocore.git",
                "reference": "fda8c8a44f8fd148dede27f5909c6e959edc2e9c"
            },
            "dist": {
                "type": "zip",
                "url": "https://api.github.com/repos/mollie/orocore/zipball/fda8c8a44f8fd148dede27f5909c6e959edc2e9c",
                "reference": "fda8c8a44f8fd148dede27f5909c6e959edc2e9c",
                "shasum": ""
            },
            "require": {
                "php": ">=5.3"
            },
            "require-dev": {
                "codacy/coverage": "dev-master",
                "ext-json": "*",
                "phpunit/phpunit": "^4.8.35",
                "symfony/console": "^5.1"
            },
            "type": "library",
            "autoload": {
                "psr-4": {
                    "Mollie\\": "src"
                }
            },
            "autoload-dev": {
                "psr-4": {
                    "Mollie\\Tests\\": "tests",
                    "Mollie\\Console\\": "console"
                }
            },
            "license": [
                "proprietary"
            ],
            "description": "Mollie integrations core library",
            "time": "2021-03-18T15:36:10+00:00"
        }
    ],
    "packages-dev": [],
    "aliases": [],
    "minimum-stability": "stable",
    "stability-flags": [],
    "prefer-stable": false,
    "prefer-lowest": false,
    "platform": {
        "php": ">=5.4"
    },
    "platform-dev": []
}
