{
    "_readme": [
        "This file locks the dependencies of your project to a known state",
        "Read more about it at https://getcomposer.org/doc/01-basic-usage.md#installing-dependencies",
        "This file is @generated automatically"
    ],
    "content-hash": "ee4cb59bbdcd52203dd673ff2185ee28",
    "packages": [
        {
            "name": "mollie/integration-core",
            "version": "dev-feature/CR-10-01",
            "source": {
                "type": "git",
                "url": "git@github.com:mollie/orocore.git",
                "reference": "2eb6010c7c5176d659f6523a451c986cd1817ea8"
            },
            "dist": {
                "type": "zip",
                "url": "https://api.github.com/repos/mollie/orocore/zipball/2eb6010c7c5176d659f6523a451c986cd1817ea8",
                "reference": "2eb6010c7c5176d659f6523a451c986cd1817ea8",
                "shasum": ""
            },
            "require": {
                "ext-json": "*",
                "php": ">=5.3"
            },
            "require-dev": {
                "codacy/coverage": "dev-master",
                "phpunit/phpunit": "^4.8.35",
                "symfony/console": "^5.1"
            },
            "type": "library",
            "autoload": {
                "psr-4": {
                    "Mollie\\": "src"
                }
            },
            "autoload-dev": {
                "psr-4": {
                    "Mollie\\Tests\\": "tests",
                    "Mollie\\Console\\": "console"
                }
            },
            "license": [
                "proprietary"
            ],
            "description": "Mollie integrations core library",
            "time": "2022-02-10T17:53:26+00:00"
        }
    ],
    "packages-dev": [],
    "aliases": [],
    "minimum-stability": "stable",
    "stability-flags": {
        "mollie/integration-core": 20
    },
    "prefer-stable": false,
    "prefer-lowest": false,
    "platform": {
        "php": ">=5.4"
    },
    "platform-dev": [],
    "plugin-api-version": "2.2.0"
}
